
Microsoft Visual Studio Solution File, Format Version 12.00
Project("{2150E333-8FDC-42A3-9474-1A3956D46DE8}") = "src", "src", "{DE750CF2-0590-4801-823C-9997EB50509B}"
EndProject
Project("{2150E333-8FDC-42A3-9474-1A3956D46DE8}") = "tests", "tests", "{8A723472-D6F3-4AB1-8186-DAFC70E6415D}"
EndProject
Project("{2150E333-8FDC-42A3-9474-1A3956D46DE8}") = "Core", "Core", "{9F2EDE86-D1BC-4888-B68C-9FAD00D2AC0F}"
EndProject
Project("{2150E333-8FDC-42A3-9474-1A3956D46DE8}") = "Infrastructure", "Infrastructure", "{A563A70C-004B-49AE-A55A-36F88D8F6DE8}"
EndProject
Project("{FAE04EC0-301F-11D3-BF4B-00C04F79EFBC}") = "Drivio.WebApi", "Drivio.WebApi\Drivio.WebApi.csproj", "{A3E5BC07-D337-4B05-BE70-4BCB915DA14B}"
EndProject
Project("{FAE04EC0-301F-11D3-BF4B-00C04F79EFBC}") = "Drivio.Contracts", "Drivio.Contracts\Drivio.Contracts.csproj", "{BE3A9D7C-51CA-415E-A7D8-C84EE44F96BF}"
EndProject
Project("{FAE04EC0-301F-11D3-BF4B-00C04F79EFBC}") = "Drivio.Services", "Drivio.Services\Drivio.Services.csproj", "{DAB46EA9-BBDA-4269-8356-F475C6132E2C}"
EndProject
Project("{FAE04EC0-301F-11D3-BF4B-00C04F79EFBC}") = "Drivio.Domain", "Drivio.Domain\Drivio.Domain.csproj", "{03991A00-4F60-4378-9EA2-EA81E62EA5C9}"
EndProject
Project("{FAE04EC0-301F-11D3-BF4B-00C04F79EFBC}") = "Drivio.Service.Abstractions", "Drivio.Service.Abstractions\Drivio.Service.Abstractions.csproj", "{CDDE6723-B0D2-4BFE-A750-7DCC946B688F}"
EndProject
Project("{FAE04EC0-301F-11D3-BF4B-00C04F79EFBC}") = "Drivio.Persistence", "Drivio.Persistence\Drivio.Persistence.csproj", "{5A9586D1-65F7-497E-856F-380869FF24B0}"
EndProject
Project("{FAE04EC0-301F-11D3-BF4B-00C04F79EFBC}") = "Drivio.Presentation", "Drivio.Presentation\Drivio.Presentation.csproj", "{7A64A5F3-499C-419D-8F4F-F88106A15D2C}"
EndProject
Project("{FAE04EC0-301F-11D3-BF4B-00C04F79EFBC}") = "Drivio.Shared", "Drivio.Shared\Drivio.Shared.csproj", "{3119C781-6DA9-44ED-B470-2F780187EDEC}"
EndProject
Project("{FAE04EC0-301F-11D3-BF4B-00C04F79EFBC}") = "Drivio.Controller.Tests", "Drivio.Controller.Tests\Drivio.Controller.Tests.csproj", "{BD565C20-A470-4D4A-BC16-495A2505D430}"
EndProject
Project("{FAE04EC0-301F-11D3-BF4B-00C04F79EFBC}") = "Drivio.Service.Tests", "Drivio.Service.Tests\Drivio.Service.Tests.csproj", "{BC5A9FD9-3371-43E0-9C72-704F9A76CBF5}"
EndProject
Project("{FAE04EC0-301F-11D3-BF4B-00C04F79EFBC}") = "Drivio.Repository.Tests", "Drivio.Repository.Tests\Drivio.Repository.Tests.csproj", "{C435CC6C-0ABC-490A-97B5-CF3676A801B1}"
EndProject
Global
	GlobalSection(SolutionConfigurationPlatforms) = preSolution
		Debug|Any CPU = Debug|Any CPU
		Release|Any CPU = Release|Any CPU
	EndGlobalSection
	GlobalSection(ProjectConfigurationPlatforms) = postSolution
		{A3E5BC07-D337-4B05-BE70-4BCB915DA14B}.Debug|Any CPU.ActiveCfg = Debug|Any CPU
		{A3E5BC07-D337-4B05-BE70-4BCB915DA14B}.Debug|Any CPU.Build.0 = Debug|Any CPU
		{A3E5BC07-D337-4B05-BE70-4BCB915DA14B}.Release|Any CPU.ActiveCfg = Release|Any CPU
		{A3E5BC07-D337-4B05-BE70-4BCB915DA14B}.Release|Any CPU.Build.0 = Release|Any CPU
		{BE3A9D7C-51CA-415E-A7D8-C84EE44F96BF}.Debug|Any CPU.ActiveCfg = Debug|Any CPU
		{BE3A9D7C-51CA-415E-A7D8-C84EE44F96BF}.Debug|Any CPU.Build.0 = Debug|Any CPU
		{BE3A9D7C-51CA-415E-A7D8-C84EE44F96BF}.Release|Any CPU.ActiveCfg = Release|Any CPU
		{BE3A9D7C-51CA-415E-A7D8-C84EE44F96BF}.Release|Any CPU.Build.0 = Release|Any CPU
		{DAB46EA9-BBDA-4269-8356-F475C6132E2C}.Debug|Any CPU.ActiveCfg = Debug|Any CPU
		{DAB46EA9-BBDA-4269-8356-F475C6132E2C}.Debug|Any CPU.Build.0 = Debug|Any CPU
		{DAB46EA9-BBDA-4269-8356-F475C6132E2C}.Release|Any CPU.ActiveCfg = Release|Any CPU
		{DAB46EA9-BBDA-4269-8356-F475C6132E2C}.Release|Any CPU.Build.0 = Release|Any CPU
		{03991A00-4F60-4378-9EA2-EA81E62EA5C9}.Debug|Any CPU.ActiveCfg = Debug|Any CPU
		{03991A00-4F60-4378-9EA2-EA81E62EA5C9}.Debug|Any CPU.Build.0 = Debug|Any CPU
		{03991A00-4F60-4378-9EA2-EA81E62EA5C9}.Release|Any CPU.ActiveCfg = Release|Any CPU
		{03991A00-4F60-4378-9EA2-EA81E62EA5C9}.Release|Any CPU.Build.0 = Release|Any CPU
		{CDDE6723-B0D2-4BFE-A750-7DCC946B688F}.Debug|Any CPU.ActiveCfg = Debug|Any CPU
		{CDDE6723-B0D2-4BFE-A750-7DCC946B688F}.Debug|Any CPU.Build.0 = Debug|Any CPU
		{CDDE6723-B0D2-4BFE-A750-7DCC946B688F}.Release|Any CPU.ActiveCfg = Release|Any CPU
		{CDDE6723-B0D2-4BFE-A750-7DCC946B688F}.Release|Any CPU.Build.0 = Release|Any CPU
		{5A9586D1-65F7-497E-856F-380869FF24B0}.Debug|Any CPU.ActiveCfg = Debug|Any CPU
		{5A9586D1-65F7-497E-856F-380869FF24B0}.Debug|Any CPU.Build.0 = Debug|Any CPU
		{5A9586D1-65F7-497E-856F-380869FF24B0}.Release|Any CPU.ActiveCfg = Release|Any CPU
		{5A9586D1-65F7-497E-856F-380869FF24B0}.Release|Any CPU.Build.0 = Release|Any CPU
		{7A64A5F3-499C-419D-8F4F-F88106A15D2C}.Debug|Any CPU.ActiveCfg = Debug|Any CPU
		{7A64A5F3-499C-419D-8F4F-F88106A15D2C}.Debug|Any CPU.Build.0 = Debug|Any CPU
		{7A64A5F3-499C-419D-8F4F-F88106A15D2C}.Release|Any CPU.ActiveCfg = Release|Any CPU
		{7A64A5F3-499C-419D-8F4F-F88106A15D2C}.Release|Any CPU.Build.0 = Release|Any CPU
		{3119C781-6DA9-44ED-B470-2F780187EDEC}.Debug|Any CPU.ActiveCfg = Debug|Any CPU
		{3119C781-6DA9-44ED-B470-2F780187EDEC}.Debug|Any CPU.Build.0 = Debug|Any CPU
		{3119C781-6DA9-44ED-B470-2F780187EDEC}.Release|Any CPU.ActiveCfg = Release|Any CPU
		{3119C781-6DA9-44ED-B470-2F780187EDEC}.Release|Any CPU.Build.0 = Release|Any CPU
		{BD565C20-A470-4D4A-BC16-495A2505D430}.Debug|Any CPU.ActiveCfg = Debug|Any CPU
		{BD565C20-A470-4D4A-BC16-495A2505D430}.Debug|Any CPU.Build.0 = Debug|Any CPU
		{BD565C20-A470-4D4A-BC16-495A2505D430}.Release|Any CPU.ActiveCfg = Release|Any CPU
		{BD565C20-A470-4D4A-BC16-495A2505D430}.Release|Any CPU.Build.0 = Release|Any CPU
		{BC5A9FD9-3371-43E0-9C72-704F9A76CBF5}.Debug|Any CPU.ActiveCfg = Debug|Any CPU
		{BC5A9FD9-3371-43E0-9C72-704F9A76CBF5}.Debug|Any CPU.Build.0 = Debug|Any CPU
		{BC5A9FD9-3371-43E0-9C72-704F9A76CBF5}.Release|Any CPU.ActiveCfg = Release|Any CPU
		{BC5A9FD9-3371-43E0-9C72-704F9A76CBF5}.Release|Any CPU.Build.0 = Release|Any CPU
		{C435CC6C-0ABC-490A-97B5-CF3676A801B1}.Debug|Any CPU.ActiveCfg = Debug|Any CPU
		{C435CC6C-0ABC-490A-97B5-CF3676A801B1}.Debug|Any CPU.Build.0 = Debug|Any CPU
		{C435CC6C-0ABC-490A-97B5-CF3676A801B1}.Release|Any CPU.ActiveCfg = Release|Any CPU
		{C435CC6C-0ABC-490A-97B5-CF3676A801B1}.Release|Any CPU.Build.0 = Release|Any CPU
	EndGlobalSection
	GlobalSection(NestedProjects) = preSolution
		{9F2EDE86-D1BC-4888-B68C-9FAD00D2AC0F} = {DE750CF2-0590-4801-823C-9997EB50509B}
		{A563A70C-004B-49AE-A55A-36F88D8F6DE8} = {DE750CF2-0590-4801-823C-9997EB50509B}
		{BE3A9D7C-51CA-415E-A7D8-C84EE44F96BF} = {9F2EDE86-D1BC-4888-B68C-9FAD00D2AC0F}
		{DAB46EA9-BBDA-4269-8356-F475C6132E2C} = {9F2EDE86-D1BC-4888-B68C-9FAD00D2AC0F}
		{03991A00-4F60-4378-9EA2-EA81E62EA5C9} = {9F2EDE86-D1BC-4888-B68C-9FAD00D2AC0F}
		{CDDE6723-B0D2-4BFE-A750-7DCC946B688F} = {9F2EDE86-D1BC-4888-B68C-9FAD00D2AC0F}
		{5A9586D1-65F7-497E-856F-380869FF24B0} = {A563A70C-004B-49AE-A55A-36F88D8F6DE8}
		{7A64A5F3-499C-419D-8F4F-F88106A15D2C} = {A563A70C-004B-49AE-A55A-36F88D8F6DE8}
		{A3E5BC07-D337-4B05-BE70-4BCB915DA14B} = {DE750CF2-0590-4801-823C-9997EB50509B}
		{3119C781-6DA9-44ED-B470-2F780187EDEC} = {DE750CF2-0590-4801-823C-9997EB50509B}
		{BD565C20-A470-4D4A-BC16-495A2505D430} = {8A723472-D6F3-4AB1-8186-DAFC70E6415D}
		{BC5A9FD9-3371-43E0-9C72-704F9A76CBF5} = {8A723472-D6F3-4AB1-8186-DAFC70E6415D}
		{C435CC6C-0ABC-490A-97B5-CF3676A801B1} = {8A723472-D6F3-4AB1-8186-DAFC70E6415D}
	EndGlobalSection
EndGlobal
